// !$*UTF8*$!
{
	archiveVersion = 1;
	classes = {
	};
	objectVersion = 46;
	objects = {

/* Begin PBXFileReference section */
		9615EF401D063F08005F0DE0 /* EPSSOIL_PAN.f90 */ = {isa = PBXFileReference; lastKnownFileType = sourcecode.fortran.f90; path = EPSSOIL_PAN.f90; sourceTree = "<group>"; };
		966BF26B1CD9975300692E71 /* Initialize.f90 */ = {isa = PBXFileReference; lastKnownFileType = sourcecode.fortran.f90; path = Initialize.f90; sourceTree = "<group>"; };
		966BF26E1CD997A300692E71 /* NProbObs.f90 */ = {isa = PBXFileReference; lastKnownFileType = sourcecode.fortran.f90; path = NProbObs.f90; sourceTree = "<group>"; };
		966BF2701CD997DF00692E71 /* Iterate.f90 */ = {isa = PBXFileReference; lastKnownFileType = sourcecode.fortran.f90; path = Iterate.f90; sourceTree = "<group>"; };
		96AD14BD1CDF0538009BA074 /* ABSCOEFF.f90 */ = {isa = PBXFileReference; lastKnownFileType = sourcecode.fortran.f90; path = ABSCOEFF.f90; sourceTree = "<group>"; };
		96AD14BE1CDF053E009BA074 /* AOT.f90 */ = {isa = PBXFileReference; lastKnownFileType = sourcecode.fortran.f90; path = AOT.f90; sourceTree = "<group>"; };
		96AD14BF1CDF0543009BA074 /* BORN.f90 */ = {isa = PBXFileReference; lastKnownFileType = sourcecode.fortran.f90; path = BORN.f90; sourceTree = "<group>"; };
		96AD14C01CDF0547009BA074 /* EPSIICE.f90 */ = {isa = PBXFileReference; lastKnownFileType = sourcecode.fortran.f90; path = EPSIICE.f90; sourceTree = "<group>"; };
		96AD14C11CDF054C009BA074 /* EPSRSNOW.f90 */ = {isa = PBXFileReference; lastKnownFileType = sourcecode.fortran.f90; path = EPSRSNOW.f90; sourceTree = "<group>"; };
		96AD14C21CDF0550009BA074 /* EPSSOIL_DBSON.f90 */ = {isa = PBXFileReference; lastKnownFileType = sourcecode.fortran.f90; path = EPSSOIL_DBSON.f90; sourceTree = "<group>"; };
		96AD14C31CDF0555009BA074 /* EPSW.f90 */ = {isa = PBXFileReference; lastKnownFileType = sourcecode.fortran.f90; path = EPSW.f90; sourceTree = "<group>"; };
		96AD14C41CDF0559009BA074 /* FRESNELC.f90 */ = {isa = PBXFileReference; lastKnownFileType = sourcecode.fortran.f90; path = FRESNELC.f90; sourceTree = "<group>"; };
		96AD14C51CDF055E009BA074 /* FRESNELRC.f90 */ = {isa = PBXFileReference; lastKnownFileType = sourcecode.fortran.f90; path = FRESNELRC.f90; sourceTree = "<group>"; };
		96AD14C61CDF0563009BA074 /* GAMMAH.f90 */ = {isa = PBXFileReference; lastKnownFileType = sourcecode.fortran.f90; path = GAMMAH.f90; sourceTree = "<group>"; };
		96AD14C71CDF0568009BA074 /* GAMMAV.f90 */ = {isa = PBXFileReference; lastKnownFileType = sourcecode.fortran.f90; path = GAMMAV.f90; sourceTree = "<group>"; };
		96AD14C81CDF056D009BA074 /* INTEGRFI.f90 */ = {isa = PBXFileReference; lastKnownFileType = sourcecode.fortran.f90; path = INTEGRFI.f90; sourceTree = "<group>"; };
		96AD14C91CDF0571009BA074 /* INTEGRMUI.f90 */ = {isa = PBXFileReference; lastKnownFileType = sourcecode.fortran.f90; path = INTEGRMUI.f90; sourceTree = "<group>"; };
		96AD14CA1CDF0576009BA074 /* INTEGRMUO.f90 */ = {isa = PBXFileReference; lastKnownFileType = sourcecode.fortran.f90; path = INTEGRMUO.f90; sourceTree = "<group>"; };
		96AD14CB1CDF057B009BA074 /* LAYER.f90 */ = {isa = PBXFileReference; lastKnownFileType = sourcecode.fortran.f90; path = LAYER.f90; sourceTree = "<group>"; };
		96AD14CC1CDF0581009BA074 /* MIXMOD.f90 */ = {isa = PBXFileReference; lastKnownFileType = sourcecode.fortran.f90; path = MIXMOD.f90; sourceTree = "<group>"; };
		96AD14CD1CDF0589009BA074 /* PFADC.f90 */ = {isa = PBXFileReference; lastKnownFileType = sourcecode.fortran.f90; path = PFADC.f90; sourceTree = "<group>"; };
		96AD14CE1CDF058E009BA074 /* PFADI.f90 */ = {isa = PBXFileReference; lastKnownFileType = sourcecode.fortran.f90; path = PFADI.f90; sourceTree = "<group>"; };
		96AD14CF1CDF0593009BA074 /* POLDER.f90 */ = {isa = PBXFileReference; lastKnownFileType = sourcecode.fortran.f90; path = POLDER.f90; sourceTree = "<group>"; };
		96AD14D01CDF0597009BA074 /* POLMIX.f90 */ = {isa = PBXFileReference; lastKnownFileType = sourcecode.fortran.f90; path = POLMIX.f90; sourceTree = "<group>"; };
		96AD14D11CDF05A1009BA074 /* RO2EPSD.f90 */ = {isa = PBXFileReference; lastKnownFileType = sourcecode.fortran.f90; path = RO2EPSD.f90; sourceTree = "<group>"; };
		96AD14D21CDF05AC009BA074 /* RT.f90 */ = {isa = PBXFileReference; lastKnownFileType = sourcecode.fortran.f90; path = RT.f90; sourceTree = "<group>"; };
		96AD14D31CDF05B1009BA074 /* RUFFSOIL_WM.f90 */ = {isa = PBXFileReference; lastKnownFileType = sourcecode.fortran.f90; path = RUFFSOIL_WM.f90; sourceTree = "<group>"; };
		96AD14D41CDF05B5009BA074 /* SCCOEFF.f90 */ = {isa = PBXFileReference; lastKnownFileType = sourcecode.fortran.f90; path = SCCOEFF.f90; sourceTree = "<group>"; };
		96AD14D51CDF05C6009BA074 /* SLRED.f90 */ = {isa = PBXFileReference; lastKnownFileType = sourcecode.fortran.f90; path = SLRED.f90; sourceTree = "<group>"; };
		96AD14D61CDF05D5009BA074 /* SNOWAO.f90 */ = {isa = PBXFileReference; lastKnownFileType = sourcecode.fortran.f90; path = SNOWAO.f90; sourceTree = "<group>"; };
		96AD14D81CE06428009BA074 /* BORN2.f90 */ = {isa = PBXFileReference; lastKnownFileType = sourcecode.fortran.f90; path = BORN2.f90; sourceTree = "<group>"; };
		96AD14D91CE39ADC009BA074 /* EPSSOIL_WS80_TUNED_CALVET.f90 */ = {isa = PBXFileReference; lastKnownFileType = sourcecode.fortran.f90; path = EPSSOIL_WS80_TUNED_CALVET.f90; sourceTree = "<group>"; };
		96AD14DA1CE39AE1009BA074 /* EPSSOIL_MBSDM_MIRONOV.90.f90 */ = {isa = PBXFileReference; lastKnownFileType = sourcecode.fortran.f90; path = EPSSOIL_MBSDM_MIRONOV.90.f90; sourceTree = "<group>"; };
		96AD14DB1CE39AF0009BA074 /* RUFFSOIL_QHN.f90 */ = {isa = PBXFileReference; lastKnownFileType = sourcecode.fortran.f90; path = RUFFSOIL_QHN.f90; sourceTree = "<group>"; };
		96AD14DF1CE59955009BA074 /* UProb.f90 */ = {isa = PBXFileReference; lastKnownFileType = sourcecode.fortran.f90; path = UProb.f90; sourceTree = "<group>"; };
		96B0FBDA1B063F5700420124 /* Invert_Matrix.f90 */ = {isa = PBXFileReference; lastKnownFileType = sourcecode.fortran.f90; path = Invert_Matrix.f90; sourceTree = "<group>"; };
		96B0FBDB1B063F6100420124 /* MCMC.f90 */ = {isa = PBXFileReference; lastKnownFileType = sourcecode.fortran.f90; path = MCMC.f90; sourceTree = "<group>"; };
		96B0FBDC1B063F6100420124 /* MetroMEMLS.f90 */ = {isa = PBXFileReference; lastKnownFileType = sourcecode.fortran.f90; path = MetroMEMLS.f90; sourceTree = "<group>"; };
		96B0FBDE1B063F6B00420124 /* ObsModel.f90 */ = {isa = PBXFileReference; lastKnownFileType = sourcecode.fortran.f90; path = ObsModel.f90; sourceTree = "<group>"; };
		96B0FBDF1B063F6B00420124 /* RandNormal.f90 */ = {isa = PBXFileReference; lastKnownFileType = sourcecode.fortran.f90; path = RandNormal.f90; sourceTree = "<group>"; };
		96B0FBE01B063F6B00420124 /* RandUniform.f90 */ = {isa = PBXFileReference; lastKnownFileType = sourcecode.fortran.f90; path = RandUniform.f90; sourceTree = "<group>"; };
		96B0FBE11B063F6B00420124 /* ReadHyperPar.f90 */ = {isa = PBXFileReference; lastKnownFileType = sourcecode.fortran.f90; path = ReadHyperPar.f90; sourceTree = "<group>"; };
		96B0FBE31B063F6B00420124 /* ReadRunParams.f90 */ = {isa = PBXFileReference; lastKnownFileType = sourcecode.fortran.f90; path = ReadRunParams.f90; sourceTree = "<group>"; };
		96BE1EE71BD8745B003A192F /* SetupMEMLS.f90 */ = {isa = PBXFileReference; lastKnownFileType = sourcecode.fortran.f90; path = SetupMEMLS.f90; sourceTree = "<group>"; };
		96D640681B0E5B8F003EF083 /* CommonVars.f90 */ = {isa = PBXFileReference; lastKnownFileType = sourcecode.fortran.f90; path = CommonVars.f90; sourceTree = "<group>"; };
		A4118FCD1DD3BB8000F5D011 /* SS_MEMLS1.f90 */ = {isa = PBXFileReference; lastKnownFileType = sourcecode.fortran.f90; path = SS_MEMLS1.f90; sourceTree = "<group>"; };
		A413FC631EA31CCB0071F8C1 /* Show_Theta.f90 */ = {isa = PBXFileReference; lastKnownFileType = sourcecode.fortran.f90; path = Show_Theta.f90; sourceTree = "<group>"; };
		A4B6031E1DA2D52E0038729F /* ABSCOEFF.f90 */ = {isa = PBXFileReference; lastKnownFileType = sourcecode.fortran.f90; path = ABSCOEFF.f90; sourceTree = "<group>"; };
		A4B6031F1DA2D52E0038729F /* AdjustJump.f90 */ = {isa = PBXFileReference; lastKnownFileType = sourcecode.fortran.f90; path = AdjustJump.f90; sourceTree = "<group>"; };
		A4B603201DA2D52E0038729F /* AOT.f90 */ = {isa = PBXFileReference; lastKnownFileType = sourcecode.fortran.f90; path = AOT.f90; sourceTree = "<group>"; };
		A4B603211DA2D52E0038729F /* BORN.f90 */ = {isa = PBXFileReference; lastKnownFileType = sourcecode.fortran.f90; path = BORN.f90; sourceTree = "<group>"; };
		A4B603221DA2D52E0038729F /* BORN2.f90 */ = {isa = PBXFileReference; lastKnownFileType = sourcecode.fortran.f90; path = BORN2.f90; sourceTree = "<group>"; };
		A4B603231DA2D52E0038729F /* CalcStdDev.f90 */ = {isa = PBXFileReference; lastKnownFileType = sourcecode.fortran.f90; path = CalcStdDev.f90; sourceTree = "<group>"; };
		A4B603241DA2D52E0038729F /* CommonVars.f90 */ = {isa = PBXFileReference; lastKnownFileType = sourcecode.fortran.f90; path = CommonVars.f90; sourceTree = "<group>"; };
		A4B603261DA2D52E0038729F /* EPSIICE.f90 */ = {isa = PBXFileReference; lastKnownFileType = sourcecode.fortran.f90; path = EPSIICE.f90; sourceTree = "<group>"; };
		A4B603271DA2D52E0038729F /* EPSRSNOW.f90 */ = {isa = PBXFileReference; lastKnownFileType = sourcecode.fortran.f90; path = EPSRSNOW.f90; sourceTree = "<group>"; };
		A4B603281DA2D52E0038729F /* EPSSOIL_DBSON.f90 */ = {isa = PBXFileReference; lastKnownFileType = sourcecode.fortran.f90; path = EPSSOIL_DBSON.f90; sourceTree = "<group>"; };
		A4B603291DA2D52E0038729F /* EPSSOIL_MBSDM_MIRONOV.90.f90 */ = {isa = PBXFileReference; lastKnownFileType = sourcecode.fortran.f90; path = EPSSOIL_MBSDM_MIRONOV.90.f90; sourceTree = "<group>"; };
		A4B6032A1DA2D52E0038729F /* EPSSOIL_PAN.f90 */ = {isa = PBXFileReference; lastKnownFileType = sourcecode.fortran.f90; path = EPSSOIL_PAN.f90; sourceTree = "<group>"; };
		A4B6032B1DA2D52E0038729F /* EPSSOIL_WS80_TUNED_CALVET.f90 */ = {isa = PBXFileReference; lastKnownFileType = sourcecode.fortran.f90; path = EPSSOIL_WS80_TUNED_CALVET.f90; sourceTree = "<group>"; };
		A4B6032C1DA2D52E0038729F /* EPSW.f90 */ = {isa = PBXFileReference; lastKnownFileType = sourcecode.fortran.f90; path = EPSW.f90; sourceTree = "<group>"; };
		A4B6032D1DA2D52E0038729F /* FRESNELC.f90 */ = {isa = PBXFileReference; lastKnownFileType = sourcecode.fortran.f90; path = FRESNELC.f90; sourceTree = "<group>"; };
		A4B6032E1DA2D52E0038729F /* FRESNELRC.f90 */ = {isa = PBXFileReference; lastKnownFileType = sourcecode.fortran.f90; path = FRESNELRC.f90; sourceTree = "<group>"; };
		A4B6032F1DA2D52E0038729F /* GAMMAH.f90 */ = {isa = PBXFileReference; lastKnownFileType = sourcecode.fortran.f90; path = GAMMAH.f90; sourceTree = "<group>"; };
		A4B603301DA2D52E0038729F /* GAMMAV.f90 */ = {isa = PBXFileReference; lastKnownFileType = sourcecode.fortran.f90; path = GAMMAV.f90; sourceTree = "<group>"; };
		A4B603311DA2D52E0038729F /* Initialize.f90 */ = {isa = PBXFileReference; lastKnownFileType = sourcecode.fortran.f90; path = Initialize.f90; sourceTree = "<group>"; };
		A4B603321DA2D52E0038729F /* INTEGRFI.f90 */ = {isa = PBXFileReference; lastKnownFileType = sourcecode.fortran.f90; path = INTEGRFI.f90; sourceTree = "<group>"; };
		A4B603331DA2D52E0038729F /* INTEGRMUI.f90 */ = {isa = PBXFileReference; lastKnownFileType = sourcecode.fortran.f90; path = INTEGRMUI.f90; sourceTree = "<group>"; };
		A4B603341DA2D52E0038729F /* INTEGRMUO.f90 */ = {isa = PBXFileReference; lastKnownFileType = sourcecode.fortran.f90; path = INTEGRMUO.f90; sourceTree = "<group>"; };
		A4B603351DA2D52E0038729F /* Invert_Matrix.f90 */ = {isa = PBXFileReference; lastKnownFileType = sourcecode.fortran.f90; path = Invert_Matrix.f90; sourceTree = "<group>"; };
		A4B603361DA2D52E0038729F /* Iterate.f90 */ = {isa = PBXFileReference; lastKnownFileType = sourcecode.fortran.f90; path = Iterate.f90; sourceTree = "<group>"; };
		A4B603381DA2D52E0038729F /* LAYER.f90 */ = {isa = PBXFileReference; lastKnownFileType = sourcecode.fortran.f90; path = LAYER.f90; sourceTree = "<group>"; };
		A4B603391DA2D52E0038729F /* LogNProb.f90 */ = {isa = PBXFileReference; lastKnownFileType = sourcecode.fortran.f90; path = LogNProb.f90; sourceTree = "<group>"; };
		A4B6033A1DA2D52E0038729F /* Makefile */ = {isa = PBXFileReference; lastKnownFileType = sourcecode.make; path = Makefile; sourceTree = "<group>"; };
		A4B6033E1DA2D52E0038729F /* MCMC.f90 */ = {isa = PBXFileReference; lastKnownFileType = sourcecode.fortran.f90; path = MCMC.f90; sourceTree = "<group>"; };
		A4B603411DA2D52E0038729F /* MIXMOD.f90 */ = {isa = PBXFileReference; lastKnownFileType = sourcecode.fortran.f90; path = MIXMOD.f90; sourceTree = "<group>"; };
		A4B603421DA2D52E0038729F /* NProb.f90 */ = {isa = PBXFileReference; lastKnownFileType = sourcecode.fortran.f90; path = NProb.f90; sourceTree = "<group>"; };
		A4B603451DA2D52E0038729F /* PFADC.f90 */ = {isa = PBXFileReference; lastKnownFileType = sourcecode.fortran.f90; path = PFADC.f90; sourceTree = "<group>"; };
		A4B603461DA2D52E0038729F /* PFADI.f90 */ = {isa = PBXFileReference; lastKnownFileType = sourcecode.fortran.f90; path = PFADI.f90; sourceTree = "<group>"; };
		A4B603471DA2D52E0038729F /* POLDER.f90 */ = {isa = PBXFileReference; lastKnownFileType = sourcecode.fortran.f90; path = POLDER.f90; sourceTree = "<group>"; };
		A4B603481DA2D52E0038729F /* POLMIX.f90 */ = {isa = PBXFileReference; lastKnownFileType = sourcecode.fortran.f90; path = POLMIX.f90; sourceTree = "<group>"; };
		A4B603491DA2D52E0038729F /* RandNormal.f90 */ = {isa = PBXFileReference; lastKnownFileType = sourcecode.fortran.f90; path = RandNormal.f90; sourceTree = "<group>"; };
		A4B6034B1DA2D52E0038729F /* RandUniform.f90 */ = {isa = PBXFileReference; lastKnownFileType = sourcecode.fortran.f90; path = RandUniform.f90; sourceTree = "<group>"; };
		A4B6034D1DA2D52E0038729F /* ReadObs.f90 */ = {isa = PBXFileReference; lastKnownFileType = sourcecode.fortran.f90; path = ReadObs.f90; sourceTree = "<group>"; };
		A4B6034F1DA2D52E0038729F /* RO2EPSD.f90 */ = {isa = PBXFileReference; lastKnownFileType = sourcecode.fortran.f90; path = RO2EPSD.f90; sourceTree = "<group>"; };
		A4B603501DA2D52E0038729F /* RT.f90 */ = {isa = PBXFileReference; lastKnownFileType = sourcecode.fortran.f90; path = RT.f90; sourceTree = "<group>"; };
		A4B603511DA2D52E0038729F /* RUFFSOIL_QHN.f90 */ = {isa = PBXFileReference; lastKnownFileType = sourcecode.fortran.f90; path = RUFFSOIL_QHN.f90; sourceTree = "<group>"; };
		A4B603531DA2D52E0038729F /* SCCOEFF.f90 */ = {isa = PBXFileReference; lastKnownFileType = sourcecode.fortran.f90; path = SCCOEFF.f90; sourceTree = "<group>"; };
		A4B603551DA2D52E0038729F /* SLRED.f90 */ = {isa = PBXFileReference; lastKnownFileType = sourcecode.fortran.f90; path = SLRED.f90; sourceTree = "<group>"; };
		A4B603561DA2D52E0038729F /* SNOWAO.f90 */ = {isa = PBXFileReference; lastKnownFileType = sourcecode.fortran.f90; path = SNOWAO.f90; sourceTree = "<group>"; };
		A4B603581DA2D52E0038729F /* UProb.f90 */ = {isa = PBXFileReference; lastKnownFileType = sourcecode.fortran.f90; path = UProb.f90; sourceTree = "<group>"; };
		A4B603591DA2D52E0038729F /* WriteOutput.f90 */ = {isa = PBXFileReference; lastKnownFileType = sourcecode.fortran.f90; path = WriteOutput.f90; sourceTree = "<group>"; };
/* End PBXFileReference section */

/* Begin PBXGroup section */
		96AEC3B11A1D22B00045FF26 = {
			isa = PBXGroup;
			children = (
				A4B6033A1DA2D52E0038729F /* Makefile */,
				96B0FBDC1B063F6100420124 /* MetroMEMLS.f90 */,
				A413FC631EA31CCB0071F8C1 /* Show_Theta.f90 */,
				96BE1EE71BD8745B003A192F /* SetupMEMLS.f90 */,
				A4B6031F1DA2D52E0038729F /* AdjustJump.f90 */,
				A4B6033E1DA2D52E0038729F /* MCMC.f90 */,
				A4B603311DA2D52E0038729F /* Initialize.f90 */,
				A4B603361DA2D52E0038729F /* Iterate.f90 */,
				96B0FBDE1B063F6B00420124 /* ObsModel.f90 */,
				A4B603391DA2D52E0038729F /* LogNProb.f90 */,
				A4B603421DA2D52E0038729F /* NProb.f90 */,
				A4118FCD1DD3BB8000F5D011 /* SS_MEMLS1.f90 */,
				A4B603511DA2D52E0038729F /* RUFFSOIL_QHN.f90 */,
				96AD14D31CDF05B1009BA074 /* RUFFSOIL_WM.f90 */,
				A4B6032A1DA2D52E0038729F /* EPSSOIL_PAN.f90 */,
				A4B6031E1DA2D52E0038729F /* ABSCOEFF.f90 */,
				A4B603201DA2D52E0038729F /* AOT.f90 */,
				A4B603211DA2D52E0038729F /* BORN.f90 */,
				A4B603221DA2D52E0038729F /* BORN2.f90 */,
				A4B603231DA2D52E0038729F /* CalcStdDev.f90 */,
				A4B603241DA2D52E0038729F /* CommonVars.f90 */,
				A4B603261DA2D52E0038729F /* EPSIICE.f90 */,
				A4B603271DA2D52E0038729F /* EPSRSNOW.f90 */,
				A4B603281DA2D52E0038729F /* EPSSOIL_DBSON.f90 */,
				A4B603291DA2D52E0038729F /* EPSSOIL_MBSDM_MIRONOV.90.f90 */,
				A4B6032B1DA2D52E0038729F /* EPSSOIL_WS80_TUNED_CALVET.f90 */,
				A4B6032C1DA2D52E0038729F /* EPSW.f90 */,
				A4B6032D1DA2D52E0038729F /* FRESNELC.f90 */,
				A4B6032E1DA2D52E0038729F /* FRESNELRC.f90 */,
				A4B6032F1DA2D52E0038729F /* GAMMAH.f90 */,
				A4B603301DA2D52E0038729F /* GAMMAV.f90 */,
				A4B603321DA2D52E0038729F /* INTEGRFI.f90 */,
				A4B603331DA2D52E0038729F /* INTEGRMUI.f90 */,
				A4B603341DA2D52E0038729F /* INTEGRMUO.f90 */,
				A4B603351DA2D52E0038729F /* Invert_Matrix.f90 */,
				A4B603381DA2D52E0038729F /* LAYER.f90 */,
				A4B603411DA2D52E0038729F /* MIXMOD.f90 */,
				A4B603451DA2D52E0038729F /* PFADC.f90 */,
				A4B603461DA2D52E0038729F /* PFADI.f90 */,
				A4B603471DA2D52E0038729F /* POLDER.f90 */,
				A4B603481DA2D52E0038729F /* POLMIX.f90 */,
				A4B603491DA2D52E0038729F /* RandNormal.f90 */,
				A4B6034B1DA2D52E0038729F /* RandUniform.f90 */,
				A4B6034D1DA2D52E0038729F /* ReadObs.f90 */,
				A4B6034F1DA2D52E0038729F /* RO2EPSD.f90 */,
				A4B603501DA2D52E0038729F /* RT.f90 */,
				A4B603531DA2D52E0038729F /* SCCOEFF.f90 */,
				A4B603551DA2D52E0038729F /* SLRED.f90 */,
				A4B603561DA2D52E0038729F /* SNOWAO.f90 */,
				A4B603581DA2D52E0038729F /* UProb.f90 */,
				A4B603591DA2D52E0038729F /* WriteOutput.f90 */,
				96D640681B0E5B8F003EF083 /* CommonVars.f90 */,
				96B0FBE31B063F6B00420124 /* ReadRunParams.f90 */,
				96B0FBE11B063F6B00420124 /* ReadHyperPar.f90 */,
				96B0FBDF1B063F6B00420124 /* RandNormal.f90 */,
				96B0FBE01B063F6B00420124 /* RandUniform.f90 */,
				96B0FBDA1B063F5700420124 /* Invert_Matrix.f90 */,
				966BF26B1CD9975300692E71 /* Initialize.f90 */,
				966BF26E1CD997A300692E71 /* NProbObs.f90 */,
				96AD14DF1CE59955009BA074 /* UProb.f90 */,
				96B0FBDB1B063F6100420124 /* MCMC.f90 */,
				966BF2701CD997DF00692E71 /* Iterate.f90 */,
				96AD14BD1CDF0538009BA074 /* ABSCOEFF.f90 */,
				96AD14BE1CDF053E009BA074 /* AOT.f90 */,
				96AD14C01CDF0547009BA074 /* EPSIICE.f90 */,
				96AD14DB1CE39AF0009BA074 /* RUFFSOIL_QHN.f90 */,
				9615EF401D063F08005F0DE0 /* EPSSOIL_PAN.f90 */,
				96AD14C11CDF054C009BA074 /* EPSRSNOW.f90 */,
				96AD14C21CDF0550009BA074 /* EPSSOIL_DBSON.f90 */,
				96AD14DA1CE39AE1009BA074 /* EPSSOIL_MBSDM_MIRONOV.90.f90 */,
				96AD14D91CE39ADC009BA074 /* EPSSOIL_WS80_TUNED_CALVET.f90 */,
				96AD14C31CDF0555009BA074 /* EPSW.f90 */,
				96AD14C41CDF0559009BA074 /* FRESNELC.f90 */,
				96AD14C51CDF055E009BA074 /* FRESNELRC.f90 */,
				96AD14C61CDF0563009BA074 /* GAMMAH.f90 */,
				96AD14C71CDF0568009BA074 /* GAMMAV.f90 */,
				96AD14D81CE06428009BA074 /* BORN2.f90 */,
				96AD14BF1CDF0543009BA074 /* BORN.f90 */,
				96AD14C81CDF056D009BA074 /* INTEGRFI.f90 */,
				96AD14C91CDF0571009BA074 /* INTEGRMUI.f90 */,
				96AD14CA1CDF0576009BA074 /* INTEGRMUO.f90 */,
				96AD14CB1CDF057B009BA074 /* LAYER.f90 */,
				96AD14CC1CDF0581009BA074 /* MIXMOD.f90 */,
				96AD14CD1CDF0589009BA074 /* PFADC.f90 */,
				96AD14CE1CDF058E009BA074 /* PFADI.f90 */,
				96AD14CF1CDF0593009BA074 /* POLDER.f90 */,
				96AD14D01CDF0597009BA074 /* POLMIX.f90 */,
				96AD14D11CDF05A1009BA074 /* RO2EPSD.f90 */,
				96AD14D21CDF05AC009BA074 /* RT.f90 */,
				96AD14D41CDF05B5009BA074 /* SCCOEFF.f90 */,
				96AD14D51CDF05C6009BA074 /* SLRED.f90 */,
				96AD14D61CDF05D5009BA074 /* SNOWAO.f90 */,
			);
			sourceTree = "<group>";
		};
/* End PBXGroup section */

/* Begin PBXProject section */
		96AEC3B21A1D22B00045FF26 /* Project object */ = {
			isa = PBXProject;
			attributes = {
				LastUpgradeCheck = 0510;
			};
			buildConfigurationList = 96AEC3B51A1D22B00045FF26 /* Build configuration list for PBXProject "MCMC_MEMLS" */;
			compatibilityVersion = "Xcode 3.2";
			developmentRegion = English;
			hasScannedForEncodings = 0;
			knownRegions = (
				en,
			);
			mainGroup = 96AEC3B11A1D22B00045FF26;
			projectDirPath = "";
			projectRoot = "";
			targets = (
			);
		};
/* End PBXProject section */

/* Begin XCBuildConfiguration section */
		96AEC3B61A1D22B00045FF26 /* Debug */ = {
			isa = XCBuildConfiguration;
			buildSettings = {
			};
			name = Debug;
		};
		96AEC3B71A1D22B00045FF26 /* Release */ = {
			isa = XCBuildConfiguration;
			buildSettings = {
			};
			name = Release;
		};
/* End XCBuildConfiguration section */

/* Begin XCConfigurationList section */
		96AEC3B51A1D22B00045FF26 /* Build configuration list for PBXProject "MCMC_MEMLS" */ = {
			isa = XCConfigurationList;
			buildConfigurations = (
				96AEC3B61A1D22B00045FF26 /* Debug */,
				96AEC3B71A1D22B00045FF26 /* Release */,
			);
			defaultConfigurationIsVisible = 0;
			defaultConfigurationName = Release;
		};
/* End XCConfigurationList section */
	};
	rootObject = 96AEC3B21A1D22B00045FF26 /* Project object */;
}
